// !$*UTF8*$!
{
	archiveVersion = 1;
	classes = {
	};
	objectVersion = 50;
	objects = {

/* Begin PBXBuildFile section */
		A5201E21275770C3009D50AF /* ShowViewController.swift in Sources */ = {isa = PBXBuildFile; fileRef = A5201E20275770C3009D50AF /* ShowViewController.swift */; };
		A5936499274B9CEB001DE579 /* AppDelegate.swift in Sources */ = {isa = PBXBuildFile; fileRef = A5936498274B9CEB001DE579 /* AppDelegate.swift */; };
		A593649B274B9CEB001DE579 /* SceneDelegate.swift in Sources */ = {isa = PBXBuildFile; fileRef = A593649A274B9CEB001DE579 /* SceneDelegate.swift */; };
		A593649D274B9CEB001DE579 /* ViewController.swift in Sources */ = {isa = PBXBuildFile; fileRef = A593649C274B9CEB001DE579 /* ViewController.swift */; };
		A59364A0274B9CEB001DE579 /* Main.storyboard in Resources */ = {isa = PBXBuildFile; fileRef = A593649E274B9CEB001DE579 /* Main.storyboard */; };
		A59364A2274B9CEC001DE579 /* Assets.xcassets in Resources */ = {isa = PBXBuildFile; fileRef = A59364A1274B9CEC001DE579 /* Assets.xcassets */; };
		A59364A5274B9CEC001DE579 /* LaunchScreen.storyboard in Resources */ = {isa = PBXBuildFile; fileRef = A59364A3274B9CEC001DE579 /* LaunchScreen.storyboard */; };
		A59364AE274BA260001DE579 /* TableViewCell.swift in Sources */ = {isa = PBXBuildFile; fileRef = A59364AD274BA260001DE579 /* TableViewCell.swift */; };
/* End PBXBuildFile section */

/* Begin PBXFileReference section */
		A5201E20275770C3009D50AF /* ShowViewController.swift */ = {isa = PBXFileReference; lastKnownFileType = sourcecode.swift; path = ShowViewController.swift; sourceTree = "<group>"; };
		A5936495274B9CEB001DE579 /* MyFirstVieWController.app */ = {isa = PBXFileReference; explicitFileType = wrapper.application; includeInIndex = 0; path = MyFirstVieWController.app; sourceTree = BUILT_PRODUCTS_DIR; };
		A5936498274B9CEB001DE579 /* AppDelegate.swift */ = {isa = PBXFileReference; lastKnownFileType = sourcecode.swift; path = AppDelegate.swift; sourceTree = "<group>"; };
		A593649A274B9CEB001DE579 /* SceneDelegate.swift */ = {isa = PBXFileReference; lastKnownFileType = sourcecode.swift; path = SceneDelegate.swift; sourceTree = "<group>"; };
		A593649C274B9CEB001DE579 /* ViewController.swift */ = {isa = PBXFileReference; lastKnownFileType = sourcecode.swift; path = ViewController.swift; sourceTree = "<group>"; };
		A593649F274B9CEB001DE579 /* Base */ = {isa = PBXFileReference; lastKnownFileType = file.storyboard; name = Base; path = Base.lproj/Main.storyboard; sourceTree = "<group>"; };
		A59364A1274B9CEC001DE579 /* Assets.xcassets */ = {isa = PBXFileReference; lastKnownFileType = folder.assetcatalog; path = Assets.xcassets; sourceTree = "<group>"; };
		A59364A4274B9CEC001DE579 /* Base */ = {isa = PBXFileReference; lastKnownFileType = file.storyboard; name = Base; path = Base.lproj/LaunchScreen.storyboard; sourceTree = "<group>"; };
		A59364A6274B9CEC001DE579 /* Info.plist */ = {isa = PBXFileReference; lastKnownFileType = text.plist.xml; path = Info.plist; sourceTree = "<group>"; };
		A59364AD274BA260001DE579 /* TableViewCell.swift */ = {isa = PBXFileReference; lastKnownFileType = sourcecode.swift; path = TableViewCell.swift; sourceTree = "<group>"; };
/* End PBXFileReference section */

/* Begin PBXFrameworksBuildPhase section */
		A5936492274B9CEB001DE579 /* Frameworks */ = {
			isa = PBXFrameworksBuildPhase;
			buildActionMask = 2147483647;
			files = (
			);
			runOnlyForDeploymentPostprocessing = 0;
		};
/* End PBXFrameworksBuildPhase section */

/* Begin PBXGroup section */
		A593648C274B9CEB001DE579 = {
			isa = PBXGroup;
			children = (
				A5936497274B9CEB001DE579 /* MyFirstVieWController */,
				A5936496274B9CEB001DE579 /* Products */,
			);
			sourceTree = "<group>";
		};
		A5936496274B9CEB001DE579 /* Products */ = {
			isa = PBXGroup;
			children = (
				A5936495274B9CEB001DE579 /* MyFirstVieWController.app */,
			);
			name = Products;
			sourceTree = "<group>";
		};
		A5936497274B9CEB001DE579 /* MyFirstVieWController */ = {
			isa = PBXGroup;
			children = (
				A5936498274B9CEB001DE579 /* AppDelegate.swift */,
				A593649A274B9CEB001DE579 /* SceneDelegate.swift */,
				A593649C274B9CEB001DE579 /* ViewController.swift */,
				A5201E20275770C3009D50AF /* ShowViewController.swift */,
				A59364AD274BA260001DE579 /* TableViewCell.swift */,
				A593649E274B9CEB001DE579 /* Main.storyboard */,
				A59364A1274B9CEC001DE579 /* Assets.xcassets */,
				A59364A3274B9CEC001DE579 /* LaunchScreen.storyboard */,
				A59364A6274B9CEC001DE579 /* Info.plist */,
			);
			path = MyFirstVieWController;
			sourceTree = "<group>";
		};
/* End PBXGroup section */

/* Begin PBXNativeTarget section */
		A5936494274B9CEB001DE579 /* MyFirstVieWController */ = {
			isa = PBXNativeTarget;
			buildConfigurationList = A59364A9274B9CEC001DE579 /* Build configuration list for PBXNativeTarget "MyFirstVieWController" */;
			buildPhases = (
				A5936491274B9CEB001DE579 /* Sources */,
				A5936492274B9CEB001DE579 /* Frameworks */,
				A5936493274B9CEB001DE579 /* Resources */,
			);
			buildRules = (
			);
			dependencies = (
			);
			name = MyFirstVieWController;
			productName = MyFirstVieWController;
			productReference = A5936495274B9CEB001DE579 /* MyFirstVieWController.app */;
			productType = "com.apple.product-type.application";
		};
/* End PBXNativeTarget section */

/* Begin PBXProject section */
		A593648D274B9CEB001DE579 /* Project object */ = {
			isa = PBXProject;
			attributes = {
				LastSwiftUpdateCheck = 1200;
				LastUpgradeCheck = 1200;
				TargetAttributes = {
					A5936494274B9CEB001DE579 = {
						CreatedOnToolsVersion = 12.0.1;
					};
				};
			};
			buildConfigurationList = A5936490274B9CEB001DE579 /* Build configuration list for PBXProject "MyFirstVieWController" */;
			compatibilityVersion = "Xcode 9.3";
			developmentRegion = en;
			hasScannedForEncodings = 0;
			knownRegions = (
				en,
				Base,
			);
			mainGroup = A593648C274B9CEB001DE579;
			productRefGroup = A5936496274B9CEB001DE579 /* Products */;
			projectDirPath = "";
			projectRoot = "";
			targets = (
				A5936494274B9CEB001DE579 /* MyFirstVieWController */,
			);
		};
/* End PBXProject section */

/* Begin PBXResourcesBuildPhase section */
		A5936493274B9CEB001DE579 /* Resources */ = {
			isa = PBXResourcesBuildPhase;
			buildActionMask = 2147483647;
			files = (
				A59364A5274B9CEC001DE579 /* LaunchScreen.storyboard in Resources */,
				A59364A2274B9CEC001DE579 /* Assets.xcassets in Resources */,
				A59364A0274B9CEB001DE579 /* Main.storyboard in Resources */,
			);
			runOnlyForDeploymentPostprocessing = 0;
		};
/* End PBXResourcesBuildPhase section */

/* Begin PBXSourcesBuildPhase section */
		A5936491274B9CEB001DE579 /* Sources */ = {
			isa = PBXSourcesBuildPhase;
			buildActionMask = 2147483647;
			files = (
				A5201E21275770C3009D50AF /* ShowViewController.swift in Sources */,
				A593649D274B9CEB001DE579 /* ViewController.swift in Sources */,
				A59364AE274BA260001DE579 /* TableViewCell.swift in Sources */,
				A5936499274B9CEB001DE579 /* AppDelegate.swift in Sources */,
				A593649B274B9CEB001DE579 /* SceneDelegate.swift in Sources */,
			);
			runOnlyForDeploymentPostprocessing = 0;
		};
/* End PBXSourcesBuildPhase section */

/* Begin PBXVariantGroup section */
		A593649E274B9CEB001DE579 /* Main.storyboard */ = {
			isa = PBXVariantGroup;
			children = (
				A593649F274B9CEB001DE579 /* Base */,
			);
			name = Main.storyboard;
			sourceTree = "<group>";
		};
		A59364A3274B9CEC001DE579 /* LaunchScreen.storyboard */ = {
			isa = PBXVariantGroup;
			children = (
				A59364A4274B9CEC001DE579 /* Base */,
			);
			name = LaunchScreen.storyboard;
			sourceTree = "<group>";
		};
/* End PBXVariantGroup section */

/* Begin XCBuildConfiguration section */
		A59364A7274B9CEC001DE579 /* Debug */ = {
			isa = XCBuildConfiguration;
			buildSettings = {
				ALWAYS_SEARCH_USER_PATHS = NO;
				CLANG_ANALYZER_NONNULL = YES;
				CLANG_ANALYZER_NUMBER_OBJECT_CONVERSION = YES_AGGRESSIVE;
				CLANG_CXX_LANGUAGE_STANDARD = "gnu++14";
				CLANG_CXX_LIBRARY = "libc++";
				CLANG_ENABLE_MODULES = YES;
				CLANG_ENABLE_OBJC_ARC = YES;
				CLANG_ENABLE_OBJC_WEAK = YES;
				CLANG_WARN_BLOCK_CAPTURE_AUTORELEASING = YES;
				CLANG_WARN_BOOL_CONVERSION = YES;
				CLANG_WARN_COMMA = YES;
				CLANG_WARN_CONSTANT_CONVERSION = YES;
				CLANG_WARN_DEPRECATED_OBJC_IMPLEMENTATIONS = YES;
				CLANG_WARN_DIRECT_OBJC_ISA_USAGE = YES_ERROR;
				CLANG_WARN_DOCUMENTATION_COMMENTS = YES;
				CLANG_WARN_EMPTY_BODY = YES;
				CLANG_WARN_ENUM_CONVERSION = YES;
				CLANG_WARN_INFINITE_RECURSION = YES;
				CLANG_WARN_INT_CONVERSION = YES;
				CLANG_WARN_NON_LITERAL_NULL_CONVERSION = YES;
				CLANG_WARN_OBJC_IMPLICIT_RETAIN_SELF = YES;
				CLANG_WARN_OBJC_LITERAL_CONVERSION = YES;
				CLANG_WARN_OBJC_ROOT_CLASS = YES_ERROR;
				CLANG_WARN_QUOTED_INCLUDE_IN_FRAMEWORK_HEADER = YES;
				CLANG_WARN_RANGE_LOOP_ANALYSIS = YES;
				CLANG_WARN_STRICT_PROTOTYPES = YES;
				CLANG_WARN_SUSPICIOUS_MOVE = YES;
				CLANG_WARN_UNGUARDED_AVAILABILITY = YES_AGGRESSIVE;
				CLANG_WARN_UNREACHABLE_CODE = YES;
				CLANG_WARN__DUPLICATE_METHOD_MATCH = YES;
				COPY_PHASE_STRIP = NO;
				DEBUG_INFORMATION_FORMAT = dwarf;
				ENABLE_STRICT_OBJC_MSGSEND = YES;
				ENABLE_TESTABILITY = YES;
				GCC_C_LANGUAGE_STANDARD = gnu11;
				GCC_DYNAMIC_NO_PIC = NO;
				GCC_NO_COMMON_BLOCKS = YES;
				GCC_OPTIMIZATION_LEVEL = 0;
				GCC_PREPROCESSOR_DEFINITIONS = (
					"DEBUG=1",
					"$(inherited)",
				);
				GCC_WARN_64_TO_32_BIT_CONVERSION = YES;
				GCC_WARN_ABOUT_RETURN_TYPE = YES_ERROR;
				GCC_WARN_UNDECLARED_SELECTOR = YES;
				GCC_WARN_UNINITIALIZED_AUTOS = YES_AGGRESSIVE;
				GCC_WARN_UNUSED_FUNCTION = YES;
				GCC_WARN_UNUSED_VARIABLE = YES;
				IPHONEOS_DEPLOYMENT_TARGET = 14.0;
				MTL_ENABLE_DEBUG_INFO = INCLUDE_SOURCE;
				MTL_FAST_MATH = YES;
				ONLY_ACTIVE_ARCH = YES;
				SDKROOT = iphoneos;
				SWIFT_ACTIVE_COMPILATION_CONDITIONS = DEBUG;
				SWIFT_OPTIMIZATION_LEVEL = "-Onone";
			};
			name = Debug;
		};
		A59364A8274B9CEC001DE579 /* Release */ = {
			isa = XCBuildConfiguration;
			buildSettings = {
				ALWAYS_SEARCH_USER_PATHS = NO;
				CLANG_ANALYZER_NONNULL = YES;
				CLANG_ANALYZER_NUMBER_OBJECT_CONVERSION = YES_AGGRESSIVE;
				CLANG_CXX_LANGUAGE_STANDARD = "gnu++14";
				CLANG_CXX_LIBRARY = "libc++";
				CLANG_ENABLE_MODULES = YES;
				CLANG_ENABLE_OBJC_ARC = YES;
				CLANG_ENABLE_OBJC_WEAK = YES;
				CLANG_WARN_BLOCK_CAPTURE_AUTORELEASING = YES;
				CLANG_WARN_BOOL_CONVERSION = YES;
				CLANG_WARN_COMMA = YES;
				CLANG_WARN_CONSTANT_CONVERSION = YES;
				CLANG_WARN_DEPRECATED_OBJC_IMPLEMENTATIONS = YES;
				CLANG_WARN_DIRECT_OBJC_ISA_USAGE = YES_ERROR;
				CLANG_WARN_DOCUMENTATION_COMMENTS = YES;
				CLANG_WARN_EMPTY_BODY = YES;
				CLANG_WARN_ENUM_CONVERSION = YES;
				CLANG_WARN_INFINITE_RECURSION = YES;
				CLANG_WARN_INT_CONVERSION = YES;
				CLANG_WARN_NON_LITERAL_NULL_CONVERSION = YES;
				CLANG_WARN_OBJC_IMPLICIT_RETAIN_SELF = YES;
				CLANG_WARN_OBJC_LITERAL_CONVERSION = YES;
				CLANG_WARN_OBJC_ROOT_CLASS = YES_ERROR;
				CLANG_WARN_QUOTED_INCLUDE_IN_FRAMEWORK_HEADER = YES;
				CLANG_WARN_RANGE_LOOP_ANALYSIS = YES;
				CLANG_WARN_STRICT_PROTOTYPES = YES;
				CLANG_WARN_SUSPICIOUS_MOVE = YES;
				CLANG_WARN_UNGUARDED_AVAILABILITY = YES_AGGRESSIVE;
				CLANG_WARN_UNREACHABLE_CODE = YES;
				CLANG_WARN__DUPLICATE_METHOD_MATCH = YES;
				COPY_PHASE_STRIP = NO;
				DEBUG_INFORMATION_FORMAT = "dwarf-with-dsym";
				ENABLE_NS_ASSERTIONS = NO;
				ENABLE_STRICT_OBJC_MSGSEND = YES;
				GCC_C_LANGUAGE_STANDARD = gnu11;
				GCC_NO_COMMON_BLOCKS = YES;
				GCC_WARN_64_TO_32_BIT_CONVERSION = YES;
				GCC_WARN_ABOUT_RETURN_TYPE = YES_ERROR;
				GCC_WARN_UNDECLARED_SELECTOR = YES;
				GCC_WARN_UNINITIALIZED_AUTOS = YES_AGGRESSIVE;
				GCC_WARN_UNUSED_FUNCTION = YES;
				GCC_WARN_UNUSED_VARIABLE = YES;
				IPHONEOS_DEPLOYMENT_TARGET = 14.0;
				MTL_ENABLE_DEBUG_INFO = NO;
				MTL_FAST_MATH = YES;
				SDKROOT = iphoneos;
				SWIFT_COMPILATION_MODE = wholemodule;
				SWIFT_OPTIMIZATION_LEVEL = "-O";
				VALIDATE_PRODUCT = YES;
			};
			name = Release;
		};
		A59364AA274B9CEC001DE579 /* Debug */ = {
			isa = XCBuildConfiguration;
			buildSettings = {
				ASSETCATALOG_COMPILER_APPICON_NAME = AppIcon;
				ASSETCATALOG_COMPILER_GLOBAL_ACCENT_COLOR_NAME = AccentColor;
				CODE_SIGN_STYLE = Automatic;
				INFOPLIST_FILE = MyFirstVieWController/Info.plist;
				LD_RUNPATH_SEARCH_PATHS = (
					"$(inherited)",
					"@executable_path/Frameworks",
				);
				PRODUCT_BUNDLE_IDENTIFIER = com.SebEth.MyFirstVieWController;
				PRODUCT_NAME = "$(TARGET_NAME)";
				SWIFT_VERSION = 5.0;
				TARGETED_DEVICE_FAMILY = "1,2";
			};
			name = Debug;
		};
		A59364AB274B9CEC001DE579 /* Release */ = {
			isa = XCBuildConfiguration;
			buildSettings = {
				ASSETCATALOG_COMPILER_APPICON_NAME = AppIcon;
				ASSETCATALOG_COMPILER_GLOBAL_ACCENT_COLOR_NAME = AccentColor;
				CODE_SIGN_STYLE = Automatic;
				INFOPLIST_FILE = MyFirstVieWController/Info.plist;
				LD_RUNPATH_SEARCH_PATHS = (
					"$(inherited)",
					"@executable_path/Frameworks",
				);
				PRODUCT_BUNDLE_IDENTIFIER = com.SebEth.MyFirstVieWController;
				PRODUCT_NAME = "$(TARGET_NAME)";
				SWIFT_VERSION = 5.0;
				TARGETED_DEVICE_FAMILY = "1,2";
			};
			name = Release;
		};
/* End XCBuildConfiguration section */

/* Begin XCConfigurationList section */
		A5936490274B9CEB001DE579 /* Build configuration list for PBXProject "MyFirstVieWController" */ = {
			isa = XCConfigurationList;
			buildConfigurations = (
				A59364A7274B9CEC001DE579 /* Debug */,
				A59364A8274B9CEC001DE579 /* Release */,
			);
			defaultConfigurationIsVisible = 0;
			defaultConfigurationName = Release;
		};
		A59364A9274B9CEC001DE579 /* Build configuration list for PBXNativeTarget "MyFirstVieWController" */ = {
			isa = XCConfigurationList;
			buildConfigurations = (
				A59364AA274B9CEC001DE579 /* Debug */,
				A59364AB274B9CEC001DE579 /* Release */,
			);
			defaultConfigurationIsVisible = 0;
			defaultConfigurationName = Release;
		};
/* End XCConfigurationList section */
	};
	rootObject = A593648D274B9CEB001DE579 /* Project object */;
}
